
Microsoft Visual Studio Solution File, Format Version 12.00
# Visual Studio Version 17
VisualStudioVersion = 17.9.34728.123
MinimumVisualStudioVersion = 10.0.40219.1
Project("{FAE04EC0-301F-11D3-BF4B-00C04F79EFBC}") = "GR.TelaLogin", "GR.TelaLogin\GR.TelaLogin.csproj", "{6E6095D2-444B-4C82-8E55-FB287EEEFC38}"
EndProject
Global
	GlobalSection(SolutionConfigurationPlatforms) = preSolution
		Debug|Any CPU = Debug|Any CPU
		Release|Any CPU = Release|Any CPU
	EndGlobalSection
	GlobalSection(ProjectConfigurationPlatforms) = postSolution
		{6E6095D2-444B-4C82-8E55-FB287EEEFC38}.Debug|Any CPU.ActiveCfg = Debug|Any CPU
		{6E6095D2-444B-4C82-8E55-FB287EEEFC38}.Debug|Any CPU.Build.0 = Debug|Any CPU
		{6E6095D2-444B-4C82-8E55-FB287EEEFC38}.Release|Any CPU.ActiveCfg = Release|Any CPU
		{6E6095D2-444B-4C82-8E55-FB287EEEFC38}.Release|Any CPU.Build.0 = Release|Any CPU
	EndGlobalSection
	GlobalSection(SolutionProperties) = preSolution
		HideSolutionNode = FALSE
	EndGlobalSection
	GlobalSection(ExtensibilityGlobals) = postSolution
		SolutionGuid = {545F74D5-A841-49EC-930A-A6F6B6039877}
	EndGlobalSection
EndGlobal
